// !$*UTF8*$!
{
	archiveVersion = 1;
	classes = {
	};
	objectVersion = 56;
	objects = {

/* Begin PBXBuildFile section */
		68517CDB2ACE3C22009FA322 /* WeatherViewState.swift in Sources */ = {isa = PBXBuildFile; fileRef = 68517CDA2ACE3C22009FA322 /* WeatherViewState.swift */; };
		68517CDD2ACE3C2D009FA322 /* WeatherViewEvent.swift in Sources */ = {isa = PBXBuildFile; fileRef = 68517CDC2ACE3C2D009FA322 /* WeatherViewEvent.swift */; };
		68517CE12ACE3CB5009FA322 /* WeatherDataHandlingTests.swift in Sources */ = {isa = PBXBuildFile; fileRef = 68517CE02ACE3CB5009FA322 /* WeatherDataHandlingTests.swift */; };
		68517CE32ACE4DED009FA322 /* NetworkServiceTests.swift in Sources */ = {isa = PBXBuildFile; fileRef = 68517CE22ACE4DED009FA322 /* NetworkServiceTests.swift */; };
		68517D032ACEA084009FA322 /* StateMachinePackage in Frameworks */ = {isa = PBXBuildFile; productRef = 68517D022ACEA084009FA322 /* StateMachinePackage */; };
		68517D062ACEA152009FA322 /* StateMachine.swift in Sources */ = {isa = PBXBuildFile; fileRef = 68517D052ACEA152009FA322 /* StateMachine.swift */; };
		68517D0B2ACF946F009FA322 /* MockAPIService.swift in Sources */ = {isa = PBXBuildFile; fileRef = 68517D0A2ACF946F009FA322 /* MockAPIService.swift */; };
		68517D0D2ACF94DF009FA322 /* MockLocationManager.swift in Sources */ = {isa = PBXBuildFile; fileRef = 68517D0C2ACF94DF009FA322 /* MockLocationManager.swift */; };
		68517D0F2ACF9AC0009FA322 /* MockURLProtocol.swift in Sources */ = {isa = PBXBuildFile; fileRef = 68517D0E2ACF9AC0009FA322 /* MockURLProtocol.swift */; };
		68517D112ACF9BFE009FA322 /* WeatherEndpointTests.swift in Sources */ = {isa = PBXBuildFile; fileRef = 68517D102ACF9BFE009FA322 /* WeatherEndpointTests.swift */; };
		68517D132ACF9D2D009FA322 /* HelpersTests.swift in Sources */ = {isa = PBXBuildFile; fileRef = 68517D122ACF9D2D009FA322 /* HelpersTests.swift */; };
		68517D152ACF9DBB009FA322 /* NetworkErrorTests.swift in Sources */ = {isa = PBXBuildFile; fileRef = 68517D142ACF9DBB009FA322 /* NetworkErrorTests.swift */; };
		68517D1C2ACFA24E009FA322 /* README.md in Resources */ = {isa = PBXBuildFile; fileRef = 68517D1B2ACFA24D009FA322 /* README.md */; };
		685948CA2ACA4E40003125C0 /* WeatherApp.swift in Sources */ = {isa = PBXBuildFile; fileRef = 685948C92ACA4E40003125C0 /* WeatherApp.swift */; };
		685948CC2ACA4E40003125C0 /* WeatherView.swift in Sources */ = {isa = PBXBuildFile; fileRef = 685948CB2ACA4E40003125C0 /* WeatherView.swift */; };
		685948CE2ACA4E43003125C0 /* Assets.xcassets in Resources */ = {isa = PBXBuildFile; fileRef = 685948CD2ACA4E43003125C0 /* Assets.xcassets */; };
		685948D12ACA4E43003125C0 /* Preview Assets.xcassets in Resources */ = {isa = PBXBuildFile; fileRef = 685948D02ACA4E43003125C0 /* Preview Assets.xcassets */; };
		685948FA2ACB57DE003125C0 /* APIService.swift in Sources */ = {isa = PBXBuildFile; fileRef = 685948F92ACB57DE003125C0 /* APIService.swift */; };
		685948FC2ACB57F8003125C0 /* Endpoint.swift in Sources */ = {isa = PBXBuildFile; fileRef = 685948FB2ACB57F8003125C0 /* Endpoint.swift */; };
		685948FE2ACB5820003125C0 /* HTTPMethod.swift in Sources */ = {isa = PBXBuildFile; fileRef = 685948FD2ACB5820003125C0 /* HTTPMethod.swift */; };
		685949002ACB5842003125C0 /* NetworkService.swift in Sources */ = {isa = PBXBuildFile; fileRef = 685948FF2ACB5842003125C0 /* NetworkService.swift */; };
		685949022ACB5910003125C0 /* NetworkError.swift in Sources */ = {isa = PBXBuildFile; fileRef = 685949012ACB5910003125C0 /* NetworkError.swift */; };
		685949052ACB5BF4003125C0 /* WeatherDataHandling.swift in Sources */ = {isa = PBXBuildFile; fileRef = 685949042ACB5BF4003125C0 /* WeatherDataHandling.swift */; };
		6859490B2ACB65A0003125C0 /* AppConstants.swift in Sources */ = {isa = PBXBuildFile; fileRef = 6859490A2ACB65A0003125C0 /* AppConstants.swift */; };
		6859490D2ACB669A003125C0 /* WeatherEndpoint.swift in Sources */ = {isa = PBXBuildFile; fileRef = 6859490C2ACB669A003125C0 /* WeatherEndpoint.swift */; };
		6859490F2ACBD301003125C0 /* WeatherModel.swift in Sources */ = {isa = PBXBuildFile; fileRef = 6859490E2ACBD301003125C0 /* WeatherModel.swift */; };
		685949122ACBEC93003125C0 /* BackgroundView.swift in Sources */ = {isa = PBXBuildFile; fileRef = 685949112ACBEC93003125C0 /* BackgroundView.swift */; };
		685949172ACD1DE5003125C0 /* LocationManager.swift in Sources */ = {isa = PBXBuildFile; fileRef = 685949162ACD1DE5003125C0 /* LocationManager.swift */; };
		685949192ACD27BB003125C0 /* LocationDisabledView.swift in Sources */ = {isa = PBXBuildFile; fileRef = 685949182ACD27BB003125C0 /* LocationDisabledView.swift */; };
		6859491B2ACD4027003125C0 /* WeatherDetailView.swift in Sources */ = {isa = PBXBuildFile; fileRef = 6859491A2ACD4027003125C0 /* WeatherDetailView.swift */; };
		6859491D2ACD58F2003125C0 /* DaysView.swift in Sources */ = {isa = PBXBuildFile; fileRef = 6859491C2ACD58F2003125C0 /* DaysView.swift */; };
		6859491F2ACD5F4D003125C0 /* CurrentWeatherView.swift in Sources */ = {isa = PBXBuildFile; fileRef = 6859491E2ACD5F4D003125C0 /* CurrentWeatherView.swift */; };
/* End PBXBuildFile section */

/* Begin PBXContainerItemProxy section */
		685948D72ACA4E43003125C0 /* PBXContainerItemProxy */ = {
			isa = PBXContainerItemProxy;
			containerPortal = 685948BE2ACA4E40003125C0 /* Project object */;
			proxyType = 1;
			remoteGlobalIDString = 685948C52ACA4E40003125C0;
			remoteInfo = WeatherApp;
		};
/* End PBXContainerItemProxy section */

/* Begin PBXFileReference section */
		68517CDA2ACE3C22009FA322 /* WeatherViewState.swift */ = {isa = PBXFileReference; lastKnownFileType = sourcecode.swift; path = WeatherViewState.swift; sourceTree = "<group>"; };
		68517CDC2ACE3C2D009FA322 /* WeatherViewEvent.swift */ = {isa = PBXFileReference; lastKnownFileType = sourcecode.swift; path = WeatherViewEvent.swift; sourceTree = "<group>"; };
		68517CE02ACE3CB5009FA322 /* WeatherDataHandlingTests.swift */ = {isa = PBXFileReference; lastKnownFileType = sourcecode.swift; path = WeatherDataHandlingTests.swift; sourceTree = "<group>"; };
		68517CE22ACE4DED009FA322 /* NetworkServiceTests.swift */ = {isa = PBXFileReference; lastKnownFileType = sourcecode.swift; path = NetworkServiceTests.swift; sourceTree = "<group>"; };
		68517D052ACEA152009FA322 /* StateMachine.swift */ = {isa = PBXFileReference; lastKnownFileType = sourcecode.swift; path = StateMachine.swift; sourceTree = "<group>"; };
		68517D0A2ACF946F009FA322 /* MockAPIService.swift */ = {isa = PBXFileReference; lastKnownFileType = sourcecode.swift; path = MockAPIService.swift; sourceTree = "<group>"; };
		68517D0C2ACF94DF009FA322 /* MockLocationManager.swift */ = {isa = PBXFileReference; lastKnownFileType = sourcecode.swift; path = MockLocationManager.swift; sourceTree = "<group>"; };
		68517D0E2ACF9AC0009FA322 /* MockURLProtocol.swift */ = {isa = PBXFileReference; lastKnownFileType = sourcecode.swift; path = MockURLProtocol.swift; sourceTree = "<group>"; };
		68517D102ACF9BFE009FA322 /* WeatherEndpointTests.swift */ = {isa = PBXFileReference; lastKnownFileType = sourcecode.swift; path = WeatherEndpointTests.swift; sourceTree = "<group>"; };
		68517D122ACF9D2D009FA322 /* HelpersTests.swift */ = {isa = PBXFileReference; lastKnownFileType = sourcecode.swift; path = HelpersTests.swift; sourceTree = "<group>"; };
		68517D142ACF9DBB009FA322 /* NetworkErrorTests.swift */ = {isa = PBXFileReference; lastKnownFileType = sourcecode.swift; path = NetworkErrorTests.swift; sourceTree = "<group>"; };
		68517D1B2ACFA24D009FA322 /* README.md */ = {isa = PBXFileReference; fileEncoding = 4; lastKnownFileType = net.daringfireball.markdown; path = README.md; sourceTree = "<group>"; };
		685948C62ACA4E40003125C0 /* WeatherApp.app */ = {isa = PBXFileReference; explicitFileType = wrapper.application; includeInIndex = 0; path = WeatherApp.app; sourceTree = BUILT_PRODUCTS_DIR; };
		685948C92ACA4E40003125C0 /* WeatherApp.swift */ = {isa = PBXFileReference; lastKnownFileType = sourcecode.swift; path = WeatherApp.swift; sourceTree = "<group>"; };
		685948CB2ACA4E40003125C0 /* WeatherView.swift */ = {isa = PBXFileReference; lastKnownFileType = sourcecode.swift; path = WeatherView.swift; sourceTree = "<group>"; };
		685948CD2ACA4E43003125C0 /* Assets.xcassets */ = {isa = PBXFileReference; lastKnownFileType = folder.assetcatalog; path = Assets.xcassets; sourceTree = "<group>"; };
		685948D02ACA4E43003125C0 /* Preview Assets.xcassets */ = {isa = PBXFileReference; lastKnownFileType = folder.assetcatalog; path = "Preview Assets.xcassets"; sourceTree = "<group>"; };
		685948D62ACA4E43003125C0 /* WeatherAppTests.xctest */ = {isa = PBXFileReference; explicitFileType = wrapper.cfbundle; includeInIndex = 0; path = WeatherAppTests.xctest; sourceTree = BUILT_PRODUCTS_DIR; };
		685948F92ACB57DE003125C0 /* APIService.swift */ = {isa = PBXFileReference; lastKnownFileType = sourcecode.swift; path = APIService.swift; sourceTree = "<group>"; };
		685948FB2ACB57F8003125C0 /* Endpoint.swift */ = {isa = PBXFileReference; lastKnownFileType = sourcecode.swift; path = Endpoint.swift; sourceTree = "<group>"; };
		685948FD2ACB5820003125C0 /* HTTPMethod.swift */ = {isa = PBXFileReference; lastKnownFileType = sourcecode.swift; path = HTTPMethod.swift; sourceTree = "<group>"; };
		685948FF2ACB5842003125C0 /* NetworkService.swift */ = {isa = PBXFileReference; lastKnownFileType = sourcecode.swift; path = NetworkService.swift; sourceTree = "<group>"; };
		685949012ACB5910003125C0 /* NetworkError.swift */ = {isa = PBXFileReference; lastKnownFileType = sourcecode.swift; path = NetworkError.swift; sourceTree = "<group>"; };
		685949042ACB5BF4003125C0 /* WeatherDataHandling.swift */ = {isa = PBXFileReference; lastKnownFileType = sourcecode.swift; path = WeatherDataHandling.swift; sourceTree = "<group>"; };
		6859490A2ACB65A0003125C0 /* AppConstants.swift */ = {isa = PBXFileReference; lastKnownFileType = sourcecode.swift; path = AppConstants.swift; sourceTree = "<group>"; };
		6859490C2ACB669A003125C0 /* WeatherEndpoint.swift */ = {isa = PBXFileReference; lastKnownFileType = sourcecode.swift; path = WeatherEndpoint.swift; sourceTree = "<group>"; };
		6859490E2ACBD301003125C0 /* WeatherModel.swift */ = {isa = PBXFileReference; lastKnownFileType = sourcecode.swift; path = WeatherModel.swift; sourceTree = "<group>"; };
		685949102ACBD773003125C0 /* Info.plist */ = {isa = PBXFileReference; lastKnownFileType = text.plist.xml; path = Info.plist; sourceTree = "<group>"; };
		685949112ACBEC93003125C0 /* BackgroundView.swift */ = {isa = PBXFileReference; lastKnownFileType = sourcecode.swift; path = BackgroundView.swift; sourceTree = "<group>"; };
		685949162ACD1DE5003125C0 /* LocationManager.swift */ = {isa = PBXFileReference; lastKnownFileType = sourcecode.swift; path = LocationManager.swift; sourceTree = "<group>"; };
		685949182ACD27BB003125C0 /* LocationDisabledView.swift */ = {isa = PBXFileReference; lastKnownFileType = sourcecode.swift; path = LocationDisabledView.swift; sourceTree = "<group>"; };
		6859491A2ACD4027003125C0 /* WeatherDetailView.swift */ = {isa = PBXFileReference; lastKnownFileType = sourcecode.swift; path = WeatherDetailView.swift; sourceTree = "<group>"; };
		6859491C2ACD58F2003125C0 /* DaysView.swift */ = {isa = PBXFileReference; lastKnownFileType = sourcecode.swift; path = DaysView.swift; sourceTree = "<group>"; };
		6859491E2ACD5F4D003125C0 /* CurrentWeatherView.swift */ = {isa = PBXFileReference; lastKnownFileType = sourcecode.swift; path = CurrentWeatherView.swift; sourceTree = "<group>"; };
/* End PBXFileReference section */

/* Begin PBXFrameworksBuildPhase section */
		685948C32ACA4E40003125C0 /* Frameworks */ = {
			isa = PBXFrameworksBuildPhase;
			buildActionMask = 2147483647;
			files = (
				68517D032ACEA084009FA322 /* StateMachinePackage in Frameworks */,
			);
			runOnlyForDeploymentPostprocessing = 0;
		};
		685948D32ACA4E43003125C0 /* Frameworks */ = {
			isa = PBXFrameworksBuildPhase;
			buildActionMask = 2147483647;
			files = (
			);
			runOnlyForDeploymentPostprocessing = 0;
		};
/* End PBXFrameworksBuildPhase section */

/* Begin PBXGroup section */
		68517CF12ACE9552009FA322 /* Frameworks */ = {
			isa = PBXGroup;
			children = (
			);
			name = Frameworks;
			sourceTree = "<group>";
		};
		68517D042ACEA106009FA322 /* StateMachine */ = {
			isa = PBXGroup;
			children = (
				685949042ACB5BF4003125C0 /* WeatherDataHandling.swift */,
				68517CDC2ACE3C2D009FA322 /* WeatherViewEvent.swift */,
				68517CDA2ACE3C22009FA322 /* WeatherViewState.swift */,
				68517D052ACEA152009FA322 /* StateMachine.swift */,
			);
			path = StateMachine;
			sourceTree = "<group>";
		};
		68517D092ACF9466009FA322 /* Supporting */ = {
			isa = PBXGroup;
			children = (
				68517D0A2ACF946F009FA322 /* MockAPIService.swift */,
				68517D0C2ACF94DF009FA322 /* MockLocationManager.swift */,
				68517D0E2ACF9AC0009FA322 /* MockURLProtocol.swift */,
			);
			path = Supporting;
			sourceTree = "<group>";
		};
		68517D162ACF9F62009FA322 /* Protocol */ = {
			isa = PBXGroup;
			children = (
				685948F92ACB57DE003125C0 /* APIService.swift */,
			);
			path = Protocol;
			sourceTree = "<group>";
		};
		68517D172ACF9F76009FA322 /* Supporting */ = {
			isa = PBXGroup;
			children = (
				685948FB2ACB57F8003125C0 /* Endpoint.swift */,
				685948FD2ACB5820003125C0 /* HTTPMethod.swift */,
				685949012ACB5910003125C0 /* NetworkError.swift */,
				6859490C2ACB669A003125C0 /* WeatherEndpoint.swift */,
			);
			path = Supporting;
			sourceTree = "<group>";
		};
		68517D182ACFA010009FA322 /* AppConfiguration */ = {
			isa = PBXGroup;
			children = (
				685949102ACBD773003125C0 /* Info.plist */,
			);
			path = AppConfiguration;
			sourceTree = "<group>";
		};
		68517D192ACFA090009FA322 /* Utils */ = {
			isa = PBXGroup;
			children = (
				685949162ACD1DE5003125C0 /* LocationManager.swift */,
			);
			path = Utils;
			sourceTree = "<group>";
		};
		68517D1A2ACFA0A1009FA322 /* Resources */ = {
			isa = PBXGroup;
			children = (
				685948CD2ACA4E43003125C0 /* Assets.xcassets */,
				685948CF2ACA4E43003125C0 /* Preview Content */,
			);
			path = Resources;
			sourceTree = "<group>";
		};
		685948BD2ACA4E40003125C0 = {
			isa = PBXGroup;
			children = (
				68517D1B2ACFA24D009FA322 /* README.md */,
				685948C82ACA4E40003125C0 /* WeatherApp */,
				685948D92ACA4E43003125C0 /* WeatherAppTests */,
				685948C72ACA4E40003125C0 /* Products */,
				68517CF12ACE9552009FA322 /* Frameworks */,
			);
			sourceTree = "<group>";
		};
		685948C72ACA4E40003125C0 /* Products */ = {
			isa = PBXGroup;
			children = (
				685948C62ACA4E40003125C0 /* WeatherApp.app */,
				685948D62ACA4E43003125C0 /* WeatherAppTests.xctest */,
			);
			name = Products;
			sourceTree = "<group>";
		};
		685948C82ACA4E40003125C0 /* WeatherApp */ = {
			isa = PBXGroup;
			children = (
				68517D1A2ACFA0A1009FA322 /* Resources */,
				68517D192ACFA090009FA322 /* Utils */,
				68517D182ACFA010009FA322 /* AppConfiguration */,
				68517D042ACEA106009FA322 /* StateMachine */,
				685949092ACB6595003125C0 /* AppConstants */,
				685948F82ACB5721003125C0 /* NetworkLayer */,
				685948F72ACB5409003125C0 /* View */,
				685948F62ACB53FC003125C0 /* Model */,
			);
			path = WeatherApp;
			sourceTree = "<group>";
		};
		685948CF2ACA4E43003125C0 /* Preview Content */ = {
			isa = PBXGroup;
			children = (
				685948D02ACA4E43003125C0 /* Preview Assets.xcassets */,
			);
			path = "Preview Content";
			sourceTree = "<group>";
		};
		685948D92ACA4E43003125C0 /* WeatherAppTests */ = {
			isa = PBXGroup;
			children = (
				68517D092ACF9466009FA322 /* Supporting */,
				68517CE02ACE3CB5009FA322 /* WeatherDataHandlingTests.swift */,
				68517CE22ACE4DED009FA322 /* NetworkServiceTests.swift */,
				68517D102ACF9BFE009FA322 /* WeatherEndpointTests.swift */,
				68517D122ACF9D2D009FA322 /* HelpersTests.swift */,
				68517D142ACF9DBB009FA322 /* NetworkErrorTests.swift */,
			);
			path = WeatherAppTests;
			sourceTree = "<group>";
		};
		685948F62ACB53FC003125C0 /* Model */ = {
			isa = PBXGroup;
			children = (
				6859490E2ACBD301003125C0 /* WeatherModel.swift */,
			);
			path = Model;
			sourceTree = "<group>";
		};
		685948F72ACB5409003125C0 /* View */ = {
			isa = PBXGroup;
			children = (
				685948C92ACA4E40003125C0 /* WeatherApp.swift */,
				685949132ACBF077003125C0 /* Components */,
				685948CB2ACA4E40003125C0 /* WeatherView.swift */,
			);
			path = View;
			sourceTree = "<group>";
		};
		685948F82ACB5721003125C0 /* NetworkLayer */ = {
			isa = PBXGroup;
			children = (
				68517D172ACF9F76009FA322 /* Supporting */,
				68517D162ACF9F62009FA322 /* Protocol */,
				685948FF2ACB5842003125C0 /* NetworkService.swift */,
			);
			path = NetworkLayer;
			sourceTree = "<group>";
		};
		685949092ACB6595003125C0 /* AppConstants */ = {
			isa = PBXGroup;
			children = (
				6859490A2ACB65A0003125C0 /* AppConstants.swift */,
			);
			path = AppConstants;
			sourceTree = "<group>";
		};
		685949132ACBF077003125C0 /* Components */ = {
			isa = PBXGroup;
			children = (
				685949112ACBEC93003125C0 /* BackgroundView.swift */,
				685949182ACD27BB003125C0 /* LocationDisabledView.swift */,
				6859491A2ACD4027003125C0 /* WeatherDetailView.swift */,
				6859491C2ACD58F2003125C0 /* DaysView.swift */,
				6859491E2ACD5F4D003125C0 /* CurrentWeatherView.swift */,
			);
			path = Components;
			sourceTree = "<group>";
		};
/* End PBXGroup section */

/* Begin PBXNativeTarget section */
		685948C52ACA4E40003125C0 /* WeatherApp */ = {
			isa = PBXNativeTarget;
			buildConfigurationList = 685948EA2ACA4E44003125C0 /* Build configuration list for PBXNativeTarget "WeatherApp" */;
			buildPhases = (
				685948C22ACA4E40003125C0 /* Sources */,
				685948C32ACA4E40003125C0 /* Frameworks */,
				685948C42ACA4E40003125C0 /* Resources */,
			);
			buildRules = (
			);
			dependencies = (
			);
			name = WeatherApp;
			packageProductDependencies = (
				68517D022ACEA084009FA322 /* StateMachinePackage */,
			);
			productName = WeatherApp;
			productReference = 685948C62ACA4E40003125C0 /* WeatherApp.app */;
			productType = "com.apple.product-type.application";
		};
		685948D52ACA4E43003125C0 /* WeatherAppTests */ = {
			isa = PBXNativeTarget;
			buildConfigurationList = 685948ED2ACA4E44003125C0 /* Build configuration list for PBXNativeTarget "WeatherAppTests" */;
			buildPhases = (
				685948D22ACA4E43003125C0 /* Sources */,
				685948D32ACA4E43003125C0 /* Frameworks */,
				685948D42ACA4E43003125C0 /* Resources */,
			);
			buildRules = (
			);
			dependencies = (
				685948D82ACA4E43003125C0 /* PBXTargetDependency */,
			);
			name = WeatherAppTests;
			productName = WeatherAppTests;
			productReference = 685948D62ACA4E43003125C0 /* WeatherAppTests.xctest */;
			productType = "com.apple.product-type.bundle.unit-test";
		};
/* End PBXNativeTarget section */

/* Begin PBXProject section */
		685948BE2ACA4E40003125C0 /* Project object */ = {
			isa = PBXProject;
			attributes = {
				BuildIndependentTargetsInParallel = 1;
				LastSwiftUpdateCheck = 1400;
				LastUpgradeCheck = 1400;
				TargetAttributes = {
					685948C52ACA4E40003125C0 = {
						CreatedOnToolsVersion = 14.0.1;
					};
					685948D52ACA4E43003125C0 = {
						CreatedOnToolsVersion = 14.0.1;
						TestTargetID = 685948C52ACA4E40003125C0;
					};
				};
			};
			buildConfigurationList = 685948C12ACA4E40003125C0 /* Build configuration list for PBXProject "WeatherApp" */;
			compatibilityVersion = "Xcode 14.0";
			developmentRegion = en;
			hasScannedForEncodings = 0;
			knownRegions = (
				en,
				Base,
			);
			mainGroup = 685948BD2ACA4E40003125C0;
			packageReferences = (
				68517D012ACEA084009FA322 /* XCRemoteSwiftPackageReference "StateMachinePackage" */,
			);
			productRefGroup = 685948C72ACA4E40003125C0 /* Products */;
			projectDirPath = "";
			projectRoot = "";
			targets = (
				685948C52ACA4E40003125C0 /* WeatherApp */,
				685948D52ACA4E43003125C0 /* WeatherAppTests */,
			);
		};
/* End PBXProject section */

/* Begin PBXResourcesBuildPhase section */
		685948C42ACA4E40003125C0 /* Resources */ = {
			isa = PBXResourcesBuildPhase;
			buildActionMask = 2147483647;
			files = (
				685948D12ACA4E43003125C0 /* Preview Assets.xcassets in Resources */,
				685948CE2ACA4E43003125C0 /* Assets.xcassets in Resources */,
			);
			runOnlyForDeploymentPostprocessing = 0;
		};
		685948D42ACA4E43003125C0 /* Resources */ = {
			isa = PBXResourcesBuildPhase;
			buildActionMask = 2147483647;
			files = (
				68517D1C2ACFA24E009FA322 /* README.md in Resources */,
			);
			runOnlyForDeploymentPostprocessing = 0;
		};
/* End PBXResourcesBuildPhase section */

/* Begin PBXSourcesBuildPhase section */
		685948C22ACA4E40003125C0 /* Sources */ = {
			isa = PBXSourcesBuildPhase;
			buildActionMask = 2147483647;
			files = (
				6859491B2ACD4027003125C0 /* WeatherDetailView.swift in Sources */,
				68517CDB2ACE3C22009FA322 /* WeatherViewState.swift in Sources */,
				685948CC2ACA4E40003125C0 /* WeatherView.swift in Sources */,
				6859490B2ACB65A0003125C0 /* AppConstants.swift in Sources */,
				685949022ACB5910003125C0 /* NetworkError.swift in Sources */,
				685948FA2ACB57DE003125C0 /* APIService.swift in Sources */,
				6859491D2ACD58F2003125C0 /* DaysView.swift in Sources */,
				685948FC2ACB57F8003125C0 /* Endpoint.swift in Sources */,
				6859490D2ACB669A003125C0 /* WeatherEndpoint.swift in Sources */,
				685949122ACBEC93003125C0 /* BackgroundView.swift in Sources */,
				685948FE2ACB5820003125C0 /* HTTPMethod.swift in Sources */,
				685949052ACB5BF4003125C0 /* WeatherDataHandling.swift in Sources */,
				685949172ACD1DE5003125C0 /* LocationManager.swift in Sources */,
				68517CDD2ACE3C2D009FA322 /* WeatherViewEvent.swift in Sources */,
				685949192ACD27BB003125C0 /* LocationDisabledView.swift in Sources */,
				685949002ACB5842003125C0 /* NetworkService.swift in Sources */,
				685948CA2ACA4E40003125C0 /* WeatherApp.swift in Sources */,
				6859490F2ACBD301003125C0 /* WeatherModel.swift in Sources */,
				68517D062ACEA152009FA322 /* StateMachine.swift in Sources */,
				6859491F2ACD5F4D003125C0 /* CurrentWeatherView.swift in Sources */,
			);
			runOnlyForDeploymentPostprocessing = 0;
		};
		685948D22ACA4E43003125C0 /* Sources */ = {
			isa = PBXSourcesBuildPhase;
			buildActionMask = 2147483647;
			files = (
				68517D0B2ACF946F009FA322 /* MockAPIService.swift in Sources */,
				68517D152ACF9DBB009FA322 /* NetworkErrorTests.swift in Sources */,
				68517D112ACF9BFE009FA322 /* WeatherEndpointTests.swift in Sources */,
				68517CE12ACE3CB5009FA322 /* WeatherDataHandlingTests.swift in Sources */,
				68517D0F2ACF9AC0009FA322 /* MockURLProtocol.swift in Sources */,
				68517D0D2ACF94DF009FA322 /* MockLocationManager.swift in Sources */,
				68517D132ACF9D2D009FA322 /* HelpersTests.swift in Sources */,
				68517CE32ACE4DED009FA322 /* NetworkServiceTests.swift in Sources */,
			);
			runOnlyForDeploymentPostprocessing = 0;
		};
/* End PBXSourcesBuildPhase section */

/* Begin PBXTargetDependency section */
		685948D82ACA4E43003125C0 /* PBXTargetDependency */ = {
			isa = PBXTargetDependency;
			target = 685948C52ACA4E40003125C0 /* WeatherApp */;
			targetProxy = 685948D72ACA4E43003125C0 /* PBXContainerItemProxy */;
		};
/* End PBXTargetDependency section */

/* Begin XCBuildConfiguration section */
		685948E82ACA4E44003125C0 /* Debug */ = {
			isa = XCBuildConfiguration;
			buildSettings = {
				ALWAYS_SEARCH_USER_PATHS = NO;
				CLANG_ANALYZER_NONNULL = YES;
				CLANG_ANALYZER_NUMBER_OBJECT_CONVERSION = YES_AGGRESSIVE;
				CLANG_CXX_LANGUAGE_STANDARD = "gnu++20";
				CLANG_ENABLE_MODULES = YES;
				CLANG_ENABLE_OBJC_ARC = YES;
				CLANG_ENABLE_OBJC_WEAK = YES;
				CLANG_WARN_BLOCK_CAPTURE_AUTORELEASING = YES;
				CLANG_WARN_BOOL_CONVERSION = YES;
				CLANG_WARN_COMMA = YES;
				CLANG_WARN_CONSTANT_CONVERSION = YES;
				CLANG_WARN_DEPRECATED_OBJC_IMPLEMENTATIONS = YES;
				CLANG_WARN_DIRECT_OBJC_ISA_USAGE = YES_ERROR;
				CLANG_WARN_DOCUMENTATION_COMMENTS = YES;
				CLANG_WARN_EMPTY_BODY = YES;
				CLANG_WARN_ENUM_CONVERSION = YES;
				CLANG_WARN_INFINITE_RECURSION = YES;
				CLANG_WARN_INT_CONVERSION = YES;
				CLANG_WARN_NON_LITERAL_NULL_CONVERSION = YES;
				CLANG_WARN_OBJC_IMPLICIT_RETAIN_SELF = YES;
				CLANG_WARN_OBJC_LITERAL_CONVERSION = YES;
				CLANG_WARN_OBJC_ROOT_CLASS = YES_ERROR;
				CLANG_WARN_QUOTED_INCLUDE_IN_FRAMEWORK_HEADER = YES;
				CLANG_WARN_RANGE_LOOP_ANALYSIS = YES;
				CLANG_WARN_STRICT_PROTOTYPES = YES;
				CLANG_WARN_SUSPICIOUS_MOVE = YES;
				CLANG_WARN_UNGUARDED_AVAILABILITY = YES_AGGRESSIVE;
				CLANG_WARN_UNREACHABLE_CODE = YES;
				CLANG_WARN__DUPLICATE_METHOD_MATCH = YES;
				COPY_PHASE_STRIP = NO;
				DEBUG_INFORMATION_FORMAT = dwarf;
				ENABLE_STRICT_OBJC_MSGSEND = YES;
				ENABLE_TESTABILITY = YES;
				GCC_C_LANGUAGE_STANDARD = gnu11;
				GCC_DYNAMIC_NO_PIC = NO;
				GCC_NO_COMMON_BLOCKS = YES;
				GCC_OPTIMIZATION_LEVEL = 0;
				GCC_PREPROCESSOR_DEFINITIONS = (
					"DEBUG=1",
					"$(inherited)",
				);
				GCC_WARN_64_TO_32_BIT_CONVERSION = YES;
				GCC_WARN_ABOUT_RETURN_TYPE = YES_ERROR;
				GCC_WARN_UNDECLARED_SELECTOR = YES;
				GCC_WARN_UNINITIALIZED_AUTOS = YES_AGGRESSIVE;
				GCC_WARN_UNUSED_FUNCTION = YES;
				GCC_WARN_UNUSED_VARIABLE = YES;
				IPHONEOS_DEPLOYMENT_TARGET = 16.0;
				MTL_ENABLE_DEBUG_INFO = INCLUDE_SOURCE;
				MTL_FAST_MATH = YES;
				ONLY_ACTIVE_ARCH = YES;
				SDKROOT = iphoneos;
				SWIFT_ACTIVE_COMPILATION_CONDITIONS = DEBUG;
				SWIFT_OPTIMIZATION_LEVEL = "-Onone";
			};
			name = Debug;
		};
		685948E92ACA4E44003125C0 /* Release */ = {
			isa = XCBuildConfiguration;
			buildSettings = {
				ALWAYS_SEARCH_USER_PATHS = NO;
				CLANG_ANALYZER_NONNULL = YES;
				CLANG_ANALYZER_NUMBER_OBJECT_CONVERSION = YES_AGGRESSIVE;
				CLANG_CXX_LANGUAGE_STANDARD = "gnu++20";
				CLANG_ENABLE_MODULES = YES;
				CLANG_ENABLE_OBJC_ARC = YES;
				CLANG_ENABLE_OBJC_WEAK = YES;
				CLANG_WARN_BLOCK_CAPTURE_AUTORELEASING = YES;
				CLANG_WARN_BOOL_CONVERSION = YES;
				CLANG_WARN_COMMA = YES;
				CLANG_WARN_CONSTANT_CONVERSION = YES;
				CLANG_WARN_DEPRECATED_OBJC_IMPLEMENTATIONS = YES;
				CLANG_WARN_DIRECT_OBJC_ISA_USAGE = YES_ERROR;
				CLANG_WARN_DOCUMENTATION_COMMENTS = YES;
				CLANG_WARN_EMPTY_BODY = YES;
				CLANG_WARN_ENUM_CONVERSION = YES;
				CLANG_WARN_INFINITE_RECURSION = YES;
				CLANG_WARN_INT_CONVERSION = YES;
				CLANG_WARN_NON_LITERAL_NULL_CONVERSION = YES;
				CLANG_WARN_OBJC_IMPLICIT_RETAIN_SELF = YES;
				CLANG_WARN_OBJC_LITERAL_CONVERSION = YES;
				CLANG_WARN_OBJC_ROOT_CLASS = YES_ERROR;
				CLANG_WARN_QUOTED_INCLUDE_IN_FRAMEWORK_HEADER = YES;
				CLANG_WARN_RANGE_LOOP_ANALYSIS = YES;
				CLANG_WARN_STRICT_PROTOTYPES = YES;
				CLANG_WARN_SUSPICIOUS_MOVE = YES;
				CLANG_WARN_UNGUARDED_AVAILABILITY = YES_AGGRESSIVE;
				CLANG_WARN_UNREACHABLE_CODE = YES;
				CLANG_WARN__DUPLICATE_METHOD_MATCH = YES;
				COPY_PHASE_STRIP = NO;
				DEBUG_INFORMATION_FORMAT = "dwarf-with-dsym";
				ENABLE_NS_ASSERTIONS = NO;
				ENABLE_STRICT_OBJC_MSGSEND = YES;
				GCC_C_LANGUAGE_STANDARD = gnu11;
				GCC_NO_COMMON_BLOCKS = YES;
				GCC_WARN_64_TO_32_BIT_CONVERSION = YES;
				GCC_WARN_ABOUT_RETURN_TYPE = YES_ERROR;
				GCC_WARN_UNDECLARED_SELECTOR = YES;
				GCC_WARN_UNINITIALIZED_AUTOS = YES_AGGRESSIVE;
				GCC_WARN_UNUSED_FUNCTION = YES;
				GCC_WARN_UNUSED_VARIABLE = YES;
				IPHONEOS_DEPLOYMENT_TARGET = 16.0;
				MTL_ENABLE_DEBUG_INFO = NO;
				MTL_FAST_MATH = YES;
				SDKROOT = iphoneos;
				SWIFT_COMPILATION_MODE = wholemodule;
				SWIFT_OPTIMIZATION_LEVEL = "-O";
				VALIDATE_PRODUCT = YES;
			};
			name = Release;
		};
		685948EB2ACA4E44003125C0 /* Debug */ = {
			isa = XCBuildConfiguration;
			buildSettings = {
				ASSETCATALOG_COMPILER_APPICON_NAME = AppIcon;
				ASSETCATALOG_COMPILER_GLOBAL_ACCENT_COLOR_NAME = AccentColor;
				CODE_SIGN_STYLE = Automatic;
				CURRENT_PROJECT_VERSION = 1;
				DEVELOPMENT_ASSET_PATHS = "\"WeatherApp/Resources/Preview Content\"";
				DEVELOPMENT_TEAM = A5M2P78582;
				ENABLE_PREVIEWS = YES;
				GENERATE_INFOPLIST_FILE = YES;
				INFOPLIST_FILE = WeatherApp/AppConfiguration/Info.plist;
				INFOPLIST_KEY_NSLocationWhenInUseUsageDescription = "We need your location to provide weather information.";
				INFOPLIST_KEY_UIApplicationSceneManifest_Generation = YES;
				INFOPLIST_KEY_UIApplicationSupportsIndirectInputEvents = YES;
				INFOPLIST_KEY_UILaunchScreen_Generation = YES;
				INFOPLIST_KEY_UISupportedInterfaceOrientations_iPad = "UIInterfaceOrientationPortrait UIInterfaceOrientationPortraitUpsideDown UIInterfaceOrientationLandscapeLeft UIInterfaceOrientationLandscapeRight";
				INFOPLIST_KEY_UISupportedInterfaceOrientations_iPhone = "UIInterfaceOrientationPortrait UIInterfaceOrientationLandscapeLeft UIInterfaceOrientationLandscapeRight";
				LD_RUNPATH_SEARCH_PATHS = (
					"$(inherited)",
					"@executable_path/Frameworks",
				);
				MARKETING_VERSION = 1.0;
				PRODUCT_BUNDLE_IDENTIFIER = com.app.WeatherApp;
				PRODUCT_NAME = "$(TARGET_NAME)";
				SWIFT_EMIT_LOC_STRINGS = YES;
				SWIFT_VERSION = 5.0;
				TARGETED_DEVICE_FAMILY = "1,2";
			};
			name = Debug;
		};
		685948EC2ACA4E44003125C0 /* Release */ = {
			isa = XCBuildConfiguration;
			buildSettings = {
				ASSETCATALOG_COMPILER_APPICON_NAME = AppIcon;
				ASSETCATALOG_COMPILER_GLOBAL_ACCENT_COLOR_NAME = AccentColor;
				CODE_SIGN_STYLE = Automatic;
				CURRENT_PROJECT_VERSION = 1;
				DEVELOPMENT_ASSET_PATHS = "\"WeatherApp/Resources/Preview Content\"";
				DEVELOPMENT_TEAM = A5M2P78582;
				ENABLE_PREVIEWS = YES;
				GENERATE_INFOPLIST_FILE = YES;
				INFOPLIST_FILE = WeatherApp/AppConfiguration/Info.plist;
				INFOPLIST_KEY_NSLocationWhenInUseUsageDescription = "We need your location to provide weather information.";
				INFOPLIST_KEY_UIApplicationSceneManifest_Generation = YES;
				INFOPLIST_KEY_UIApplicationSupportsIndirectInputEvents = YES;
				INFOPLIST_KEY_UILaunchScreen_Generation = YES;
				INFOPLIST_KEY_UISupportedInterfaceOrientations_iPad = "UIInterfaceOrientationPortrait UIInterfaceOrientationPortraitUpsideDown UIInterfaceOrientationLandscapeLeft UIInterfaceOrientationLandscapeRight";
				INFOPLIST_KEY_UISupportedInterfaceOrientations_iPhone = "UIInterfaceOrientationPortrait UIInterfaceOrientationLandscapeLeft UIInterfaceOrientationLandscapeRight";
				LD_RUNPATH_SEARCH_PATHS = (
					"$(inherited)",
					"@executable_path/Frameworks",
				);
				MARKETING_VERSION = 1.0;
				PRODUCT_BUNDLE_IDENTIFIER = com.app.WeatherApp;
				PRODUCT_NAME = "$(TARGET_NAME)";
				SWIFT_EMIT_LOC_STRINGS = YES;
				SWIFT_VERSION = 5.0;
				TARGETED_DEVICE_FAMILY = "1,2";
			};
			name = Release;
		};
		685948EE2ACA4E44003125C0 /* Debug */ = {
			isa = XCBuildConfiguration;
			buildSettings = {
				ALWAYS_EMBED_SWIFT_STANDARD_LIBRARIES = YES;
				BUNDLE_LOADER = "$(TEST_HOST)";
				CODE_SIGN_STYLE = Automatic;
				CURRENT_PROJECT_VERSION = 1;
				DEVELOPMENT_TEAM = A5M2P78582;
				GENERATE_INFOPLIST_FILE = YES;
				IPHONEOS_DEPLOYMENT_TARGET = 16.0;
				MARKETING_VERSION = 1.0;
				PRODUCT_BUNDLE_IDENTIFIER = com.app.WeatherAppTests;
				PRODUCT_NAME = "$(TARGET_NAME)";
				SWIFT_EMIT_LOC_STRINGS = NO;
				SWIFT_VERSION = 5.0;
				TARGETED_DEVICE_FAMILY = "1,2";
				TEST_HOST = "$(BUILT_PRODUCTS_DIR)/WeatherApp.app/$(BUNDLE_EXECUTABLE_FOLDER_PATH)/WeatherApp";
			};
			name = Debug;
		};
		685948EF2ACA4E44003125C0 /* Release */ = {
			isa = XCBuildConfiguration;
			buildSettings = {
				ALWAYS_EMBED_SWIFT_STANDARD_LIBRARIES = YES;
				BUNDLE_LOADER = "$(TEST_HOST)";
				CODE_SIGN_STYLE = Automatic;
				CURRENT_PROJECT_VERSION = 1;
				DEVELOPMENT_TEAM = A5M2P78582;
				GENERATE_INFOPLIST_FILE = YES;
				IPHONEOS_DEPLOYMENT_TARGET = 16.0;
				MARKETING_VERSION = 1.0;
				PRODUCT_BUNDLE_IDENTIFIER = com.app.WeatherAppTests;
				PRODUCT_NAME = "$(TARGET_NAME)";
				SWIFT_EMIT_LOC_STRINGS = NO;
				SWIFT_VERSION = 5.0;
				TARGETED_DEVICE_FAMILY = "1,2";
				TEST_HOST = "$(BUILT_PRODUCTS_DIR)/WeatherApp.app/$(BUNDLE_EXECUTABLE_FOLDER_PATH)/WeatherApp";
			};
			name = Release;
		};
/* End XCBuildConfiguration section */

/* Begin XCConfigurationList section */
		685948C12ACA4E40003125C0 /* Build configuration list for PBXProject "WeatherApp" */ = {
			isa = XCConfigurationList;
			buildConfigurations = (
				685948E82ACA4E44003125C0 /* Debug */,
				685948E92ACA4E44003125C0 /* Release */,
			);
			defaultConfigurationIsVisible = 0;
			defaultConfigurationName = Release;
		};
		685948EA2ACA4E44003125C0 /* Build configuration list for PBXNativeTarget "WeatherApp" */ = {
			isa = XCConfigurationList;
			buildConfigurations = (
				685948EB2ACA4E44003125C0 /* Debug */,
				685948EC2ACA4E44003125C0 /* Release */,
			);
			defaultConfigurationIsVisible = 0;
			defaultConfigurationName = Release;
		};
		685948ED2ACA4E44003125C0 /* Build configuration list for PBXNativeTarget "WeatherAppTests" */ = {
			isa = XCConfigurationList;
			buildConfigurations = (
				685948EE2ACA4E44003125C0 /* Debug */,
				685948EF2ACA4E44003125C0 /* Release */,
			);
			defaultConfigurationIsVisible = 0;
			defaultConfigurationName = Release;
		};
/* End XCConfigurationList section */

/* Begin XCRemoteSwiftPackageReference section */
		68517D012ACEA084009FA322 /* XCRemoteSwiftPackageReference "StateMachinePackage" */ = {
			isa = XCRemoteSwiftPackageReference;
			repositoryURL = /Users/bhavukchawla/Documents/projects/StateMachinePackage;
			requirement = {
				branch = main;
				kind = branch;
			};
		};
/* End XCRemoteSwiftPackageReference section */

/* Begin XCSwiftPackageProductDependency section */
		68517D022ACEA084009FA322 /* StateMachinePackage */ = {
			isa = XCSwiftPackageProductDependency;
			package = 68517D012ACEA084009FA322 /* XCRemoteSwiftPackageReference "StateMachinePackage" */;
			productName = StateMachinePackage;
		};
/* End XCSwiftPackageProductDependency section */
	};
	rootObject = 685948BE2ACA4E40003125C0 /* Project object */;
}
