{
  "pins" : [
    {
      "identity" : "statemachinepackage",
      "kind" : "remoteSourceControl",
      "location" : "https://github.com/ChawlaBhavuk/StateMachinePackage",
      "state" : {
        "branch" : "main",
        "revision" : "1dbeb756a08a664ccf2ec488ed5e566e75998405"
      }
    }
  ],
  "version" : 2
}
